// !$*UTF8*$!
{
	archiveVersion = 1;
	classes = {
	};
	objectVersion = 55;
	objects = {

/* Begin PBXBuildFile section */
		AB777EE2277093040044DE68 /* AppDelegate.swift in Sources */ = {isa = PBXBuildFile; fileRef = AB777EE1277093040044DE68 /* AppDelegate.swift */; };
		AB777EE4277093040044DE68 /* SceneDelegate.swift in Sources */ = {isa = PBXBuildFile; fileRef = AB777EE3277093040044DE68 /* SceneDelegate.swift */; };
		AB777EE6277093040044DE68 /* SearchResultViewController.swift in Sources */ = {isa = PBXBuildFile; fileRef = AB777EE5277093040044DE68 /* SearchResultViewController.swift */; };
		AB777EEB277093040044DE68 /* Assets.xcassets in Resources */ = {isa = PBXBuildFile; fileRef = AB777EEA277093040044DE68 /* Assets.xcassets */; };
		AB777EEE277093040044DE68 /* LaunchScreen.storyboard in Resources */ = {isa = PBXBuildFile; fileRef = AB777EEC277093040044DE68 /* LaunchScreen.storyboard */; };
		AB777EF9277093050044DE68 /* TasMovieTests.swift in Sources */ = {isa = PBXBuildFile; fileRef = AB777EF8277093050044DE68 /* TasMovieTests.swift */; };
		AB777F03277093050044DE68 /* TasMovieUITests.swift in Sources */ = {isa = PBXBuildFile; fileRef = AB777F02277093050044DE68 /* TasMovieUITests.swift */; };
		AB777F05277093050044DE68 /* TasMovieUITestsLaunchTests.swift in Sources */ = {isa = PBXBuildFile; fileRef = AB777F04277093050044DE68 /* TasMovieUITestsLaunchTests.swift */; };
		AB777F15277093A40044DE68 /* TasBase.framework in Frameworks */ = {isa = PBXBuildFile; fileRef = AB777F12277093A40044DE68 /* TasBase.framework */; };
		AB777F16277093A40044DE68 /* TasBase.framework in Embed Frameworks */ = {isa = PBXBuildFile; fileRef = AB777F12277093A40044DE68 /* TasBase.framework */; settings = {ATTRIBUTES = (CodeSignOnCopy, RemoveHeadersOnCopy, ); }; };
		AB777F17277093A40044DE68 /* TasExample.framework in Frameworks */ = {isa = PBXBuildFile; fileRef = AB777F13277093A40044DE68 /* TasExample.framework */; };
		AB777F18277093A40044DE68 /* TasExample.framework in Embed Frameworks */ = {isa = PBXBuildFile; fileRef = AB777F13277093A40044DE68 /* TasExample.framework */; settings = {ATTRIBUTES = (CodeSignOnCopy, RemoveHeadersOnCopy, ); }; };
		AB777F19277093A40044DE68 /* TasUtility.framework in Frameworks */ = {isa = PBXBuildFile; fileRef = AB777F14277093A40044DE68 /* TasUtility.framework */; };
		AB777F1A277093A40044DE68 /* TasUtility.framework in Embed Frameworks */ = {isa = PBXBuildFile; fileRef = AB777F14277093A40044DE68 /* TasUtility.framework */; settings = {ATTRIBUTES = (CodeSignOnCopy, RemoveHeadersOnCopy, ); }; };
		AB777F1D277093ED0044DE68 /* SearchResultViewController.xib in Resources */ = {isa = PBXBuildFile; fileRef = AB777F1C277093ED0044DE68 /* SearchResultViewController.xib */; };
		AB777F23277098000044DE68 /* TabBarView.swift in Sources */ = {isa = PBXBuildFile; fileRef = AB777F22277098000044DE68 /* TabBarView.swift */; };
		AB777F25277098220044DE68 /* TabBarView.xib in Resources */ = {isa = PBXBuildFile; fileRef = AB777F24277098220044DE68 /* TabBarView.xib */; };
		AB777F2927709D900044DE68 /* SecondViewController.swift in Sources */ = {isa = PBXBuildFile; fileRef = AB777F2827709D900044DE68 /* SecondViewController.swift */; };
		AB777F2B27709DBD0044DE68 /* SecondViewController.xib in Resources */ = {isa = PBXBuildFile; fileRef = AB777F2A27709DBD0044DE68 /* SecondViewController.xib */; };
		AB777F2D27709F400044DE68 /* ThirdViewController.swift in Sources */ = {isa = PBXBuildFile; fileRef = AB777F2C27709F400044DE68 /* ThirdViewController.swift */; };
		AB777F2F27709F5C0044DE68 /* ThirdViewController.xib in Resources */ = {isa = PBXBuildFile; fileRef = AB777F2E27709F5C0044DE68 /* ThirdViewController.xib */; };
		AB98B2682775B971003C1F8E /* SDWebImage in Frameworks */ = {isa = PBXBuildFile; productRef = AB98B2672775B971003C1F8E /* SDWebImage */; };
		AB98B26B2775D536003C1F8E /* MovieDetailViewController.swift in Sources */ = {isa = PBXBuildFile; fileRef = AB98B26A2775D536003C1F8E /* MovieDetailViewController.swift */; };
		AB9D03D62771F46E00BE4244 /* NetworkConst.swift in Sources */ = {isa = PBXBuildFile; fileRef = AB9D03D52771F46E00BE4244 /* NetworkConst.swift */; };
		AB9D03D92771F59100BE4244 /* MovieModel.swift in Sources */ = {isa = PBXBuildFile; fileRef = AB9D03D82771F59100BE4244 /* MovieModel.swift */; };
		ABB67C6127758A6100498DED /* SearchDataProvider.swift in Sources */ = {isa = PBXBuildFile; fileRef = ABB67C6027758A6100498DED /* SearchDataProvider.swift */; };
		ABB67C6327758DF500498DED /* SearchResultModel.swift in Sources */ = {isa = PBXBuildFile; fileRef = ABB67C6227758DF500498DED /* SearchResultModel.swift */; };
		ABB67C652775901E00498DED /* API.swift in Sources */ = {isa = PBXBuildFile; fileRef = ABB67C642775901E00498DED /* API.swift */; };
		ABB67C7327759BB500498DED /* TasNetwork.framework in Frameworks */ = {isa = PBXBuildFile; fileRef = ABB67C7227759BB500498DED /* TasNetwork.framework */; };
		ABB67C7427759BB500498DED /* TasNetwork.framework in Embed Frameworks */ = {isa = PBXBuildFile; fileRef = ABB67C7227759BB500498DED /* TasNetwork.framework */; settings = {ATTRIBUTES = (CodeSignOnCopy, RemoveHeadersOnCopy, ); }; };
		ABCE18462775A55C002B3C56 /* SearchResultListViewModel.swift in Sources */ = {isa = PBXBuildFile; fileRef = ABCE18452775A55C002B3C56 /* SearchResultListViewModel.swift */; };
		ABCE18492775A77A002B3C56 /* SearchResultItemView.swift in Sources */ = {isa = PBXBuildFile; fileRef = ABCE18482775A77A002B3C56 /* SearchResultItemView.swift */; };
		ABCE184B2775A7A5002B3C56 /* SearchResultItemView.xib in Resources */ = {isa = PBXBuildFile; fileRef = ABCE184A2775A7A5002B3C56 /* SearchResultItemView.xib */; };
		ABCE184D2775AEE5002B3C56 /* SearchResultItemViewModel.swift in Sources */ = {isa = PBXBuildFile; fileRef = ABCE184C2775AEE5002B3C56 /* SearchResultItemViewModel.swift */; };
/* End PBXBuildFile section */

/* Begin PBXContainerItemProxy section */
		AB777EF5277093050044DE68 /* PBXContainerItemProxy */ = {
			isa = PBXContainerItemProxy;
			containerPortal = AB777ED6277093040044DE68 /* Project object */;
			proxyType = 1;
			remoteGlobalIDString = AB777EDD277093040044DE68;
			remoteInfo = TasMovie;
		};
		AB777EFF277093050044DE68 /* PBXContainerItemProxy */ = {
			isa = PBXContainerItemProxy;
			containerPortal = AB777ED6277093040044DE68 /* Project object */;
			proxyType = 1;
			remoteGlobalIDString = AB777EDD277093040044DE68;
			remoteInfo = TasMovie;
		};
/* End PBXContainerItemProxy section */

/* Begin PBXCopyFilesBuildPhase section */
		AB777F1B277093A40044DE68 /* Embed Frameworks */ = {
			isa = PBXCopyFilesBuildPhase;
			buildActionMask = 2147483647;
			dstPath = "";
			dstSubfolderSpec = 10;
			files = (
				AB777F18277093A40044DE68 /* TasExample.framework in Embed Frameworks */,
				AB777F16277093A40044DE68 /* TasBase.framework in Embed Frameworks */,
				ABB67C7427759BB500498DED /* TasNetwork.framework in Embed Frameworks */,
				AB777F1A277093A40044DE68 /* TasUtility.framework in Embed Frameworks */,
			);
			name = "Embed Frameworks";
			runOnlyForDeploymentPostprocessing = 0;
		};
/* End PBXCopyFilesBuildPhase section */

/* Begin PBXFileReference section */
		AB777EDE277093040044DE68 /* TasMovie.app */ = {isa = PBXFileReference; explicitFileType = wrapper.application; includeInIndex = 0; path = TasMovie.app; sourceTree = BUILT_PRODUCTS_DIR; };
		AB777EE1277093040044DE68 /* AppDelegate.swift */ = {isa = PBXFileReference; lastKnownFileType = sourcecode.swift; path = AppDelegate.swift; sourceTree = "<group>"; };
		AB777EE3277093040044DE68 /* SceneDelegate.swift */ = {isa = PBXFileReference; lastKnownFileType = sourcecode.swift; path = SceneDelegate.swift; sourceTree = "<group>"; };
		AB777EE5277093040044DE68 /* SearchResultViewController.swift */ = {isa = PBXFileReference; lastKnownFileType = sourcecode.swift; path = SearchResultViewController.swift; sourceTree = "<group>"; };
		AB777EEA277093040044DE68 /* Assets.xcassets */ = {isa = PBXFileReference; lastKnownFileType = folder.assetcatalog; path = Assets.xcassets; sourceTree = "<group>"; };
		AB777EED277093040044DE68 /* Base */ = {isa = PBXFileReference; lastKnownFileType = file.storyboard; name = Base; path = Base.lproj/LaunchScreen.storyboard; sourceTree = "<group>"; };
		AB777EEF277093040044DE68 /* Info.plist */ = {isa = PBXFileReference; lastKnownFileType = text.plist.xml; path = Info.plist; sourceTree = "<group>"; };
		AB777EF4277093050044DE68 /* TasMovieTests.xctest */ = {isa = PBXFileReference; explicitFileType = wrapper.cfbundle; includeInIndex = 0; path = TasMovieTests.xctest; sourceTree = BUILT_PRODUCTS_DIR; };
		AB777EF8277093050044DE68 /* TasMovieTests.swift */ = {isa = PBXFileReference; lastKnownFileType = sourcecode.swift; path = TasMovieTests.swift; sourceTree = "<group>"; };
		AB777EFE277093050044DE68 /* TasMovieUITests.xctest */ = {isa = PBXFileReference; explicitFileType = wrapper.cfbundle; includeInIndex = 0; path = TasMovieUITests.xctest; sourceTree = BUILT_PRODUCTS_DIR; };
		AB777F02277093050044DE68 /* TasMovieUITests.swift */ = {isa = PBXFileReference; lastKnownFileType = sourcecode.swift; path = TasMovieUITests.swift; sourceTree = "<group>"; };
		AB777F04277093050044DE68 /* TasMovieUITestsLaunchTests.swift */ = {isa = PBXFileReference; lastKnownFileType = sourcecode.swift; path = TasMovieUITestsLaunchTests.swift; sourceTree = "<group>"; };
		AB777F12277093A40044DE68 /* TasBase.framework */ = {isa = PBXFileReference; explicitFileType = wrapper.framework; path = TasBase.framework; sourceTree = BUILT_PRODUCTS_DIR; };
		AB777F13277093A40044DE68 /* TasExample.framework */ = {isa = PBXFileReference; explicitFileType = wrapper.framework; path = TasExample.framework; sourceTree = BUILT_PRODUCTS_DIR; };
		AB777F14277093A40044DE68 /* TasUtility.framework */ = {isa = PBXFileReference; explicitFileType = wrapper.framework; path = TasUtility.framework; sourceTree = BUILT_PRODUCTS_DIR; };
		AB777F1C277093ED0044DE68 /* SearchResultViewController.xib */ = {isa = PBXFileReference; lastKnownFileType = file.xib; path = SearchResultViewController.xib; sourceTree = "<group>"; };
		AB777F22277098000044DE68 /* TabBarView.swift */ = {isa = PBXFileReference; lastKnownFileType = sourcecode.swift; path = TabBarView.swift; sourceTree = "<group>"; };
		AB777F24277098220044DE68 /* TabBarView.xib */ = {isa = PBXFileReference; lastKnownFileType = file.xib; path = TabBarView.xib; sourceTree = "<group>"; };
		AB777F2827709D900044DE68 /* SecondViewController.swift */ = {isa = PBXFileReference; lastKnownFileType = sourcecode.swift; path = SecondViewController.swift; sourceTree = "<group>"; };
		AB777F2A27709DBD0044DE68 /* SecondViewController.xib */ = {isa = PBXFileReference; lastKnownFileType = file.xib; path = SecondViewController.xib; sourceTree = "<group>"; };
		AB777F2C27709F400044DE68 /* ThirdViewController.swift */ = {isa = PBXFileReference; lastKnownFileType = sourcecode.swift; path = ThirdViewController.swift; sourceTree = "<group>"; };
		AB777F2E27709F5C0044DE68 /* ThirdViewController.xib */ = {isa = PBXFileReference; lastKnownFileType = file.xib; path = ThirdViewController.xib; sourceTree = "<group>"; };
		AB98B26A2775D536003C1F8E /* MovieDetailViewController.swift */ = {isa = PBXFileReference; lastKnownFileType = sourcecode.swift; path = MovieDetailViewController.swift; sourceTree = "<group>"; };
		AB9D03D52771F46E00BE4244 /* NetworkConst.swift */ = {isa = PBXFileReference; fileEncoding = 4; lastKnownFileType = sourcecode.swift; path = NetworkConst.swift; sourceTree = "<group>"; };
		AB9D03D82771F59100BE4244 /* MovieModel.swift */ = {isa = PBXFileReference; lastKnownFileType = sourcecode.swift; path = MovieModel.swift; sourceTree = "<group>"; };
		ABB67C6027758A6100498DED /* SearchDataProvider.swift */ = {isa = PBXFileReference; lastKnownFileType = sourcecode.swift; path = SearchDataProvider.swift; sourceTree = "<group>"; };
		ABB67C6227758DF500498DED /* SearchResultModel.swift */ = {isa = PBXFileReference; lastKnownFileType = sourcecode.swift; path = SearchResultModel.swift; sourceTree = "<group>"; };
		ABB67C642775901E00498DED /* API.swift */ = {isa = PBXFileReference; lastKnownFileType = sourcecode.swift; path = API.swift; sourceTree = "<group>"; };
		ABB67C7227759BB500498DED /* TasNetwork.framework */ = {isa = PBXFileReference; explicitFileType = wrapper.framework; path = TasNetwork.framework; sourceTree = BUILT_PRODUCTS_DIR; };
		ABCE18452775A55C002B3C56 /* SearchResultListViewModel.swift */ = {isa = PBXFileReference; lastKnownFileType = sourcecode.swift; path = SearchResultListViewModel.swift; sourceTree = "<group>"; };
		ABCE18482775A77A002B3C56 /* SearchResultItemView.swift */ = {isa = PBXFileReference; lastKnownFileType = sourcecode.swift; path = SearchResultItemView.swift; sourceTree = "<group>"; };
		ABCE184A2775A7A5002B3C56 /* SearchResultItemView.xib */ = {isa = PBXFileReference; lastKnownFileType = file.xib; path = SearchResultItemView.xib; sourceTree = "<group>"; };
		ABCE184C2775AEE5002B3C56 /* SearchResultItemViewModel.swift */ = {isa = PBXFileReference; lastKnownFileType = sourcecode.swift; path = SearchResultItemViewModel.swift; sourceTree = "<group>"; };
/* End PBXFileReference section */

/* Begin PBXFrameworksBuildPhase section */
		AB777EDB277093040044DE68 /* Frameworks */ = {
			isa = PBXFrameworksBuildPhase;
			buildActionMask = 2147483647;
			files = (
				AB777F17277093A40044DE68 /* TasExample.framework in Frameworks */,
				ABB67C7327759BB500498DED /* TasNetwork.framework in Frameworks */,
				AB777F15277093A40044DE68 /* TasBase.framework in Frameworks */,
				AB777F19277093A40044DE68 /* TasUtility.framework in Frameworks */,
				AB98B2682775B971003C1F8E /* SDWebImage in Frameworks */,
			);
			runOnlyForDeploymentPostprocessing = 0;
		};
		AB777EF1277093050044DE68 /* Frameworks */ = {
			isa = PBXFrameworksBuildPhase;
			buildActionMask = 2147483647;
			files = (
			);
			runOnlyForDeploymentPostprocessing = 0;
		};
		AB777EFB277093050044DE68 /* Frameworks */ = {
			isa = PBXFrameworksBuildPhase;
			buildActionMask = 2147483647;
			files = (
			);
			runOnlyForDeploymentPostprocessing = 0;
		};
/* End PBXFrameworksBuildPhase section */

/* Begin PBXGroup section */
		AB777ED5277093040044DE68 = {
			isa = PBXGroup;
			children = (
				AB777EE0277093040044DE68 /* TasMovie */,
				AB777EF7277093050044DE68 /* TasMovieTests */,
				AB777F01277093050044DE68 /* TasMovieUITests */,
				AB777EDF277093040044DE68 /* Products */,
				AB777F11277093A30044DE68 /* Frameworks */,
			);
			sourceTree = "<group>";
		};
		AB777EDF277093040044DE68 /* Products */ = {
			isa = PBXGroup;
			children = (
				AB777EDE277093040044DE68 /* TasMovie.app */,
				AB777EF4277093050044DE68 /* TasMovieTests.xctest */,
				AB777EFE277093050044DE68 /* TasMovieUITests.xctest */,
			);
			name = Products;
			sourceTree = "<group>";
		};
		AB777EE0277093040044DE68 /* TasMovie */ = {
			isa = PBXGroup;
			children = (
				AB777F20277097EA0044DE68 /* Common */,
				AB777F1E277095080044DE68 /* Domains */,
				AB777EE1277093040044DE68 /* AppDelegate.swift */,
				AB777EE3277093040044DE68 /* SceneDelegate.swift */,
				AB777EEA277093040044DE68 /* Assets.xcassets */,
				AB777EEC277093040044DE68 /* LaunchScreen.storyboard */,
				AB777EEF277093040044DE68 /* Info.plist */,
			);
			path = TasMovie;
			sourceTree = "<group>";
		};
		AB777EF7277093050044DE68 /* TasMovieTests */ = {
			isa = PBXGroup;
			children = (
				AB777EF8277093050044DE68 /* TasMovieTests.swift */,
			);
			path = TasMovieTests;
			sourceTree = "<group>";
		};
		AB777F01277093050044DE68 /* TasMovieUITests */ = {
			isa = PBXGroup;
			children = (
				AB777F02277093050044DE68 /* TasMovieUITests.swift */,
				AB777F04277093050044DE68 /* TasMovieUITestsLaunchTests.swift */,
			);
			path = TasMovieUITests;
			sourceTree = "<group>";
		};
		AB777F11277093A30044DE68 /* Frameworks */ = {
			isa = PBXGroup;
			children = (
				ABB67C7227759BB500498DED /* TasNetwork.framework */,
				AB777F12277093A40044DE68 /* TasBase.framework */,
				AB777F13277093A40044DE68 /* TasExample.framework */,
				AB777F14277093A40044DE68 /* TasUtility.framework */,
			);
			name = Frameworks;
			sourceTree = "<group>";
		};
		AB777F1E277095080044DE68 /* Domains */ = {
			isa = PBXGroup;
			children = (
				AB98B2692775D527003C1F8E /* MovieDetail */,
				ABCE18432775A4AB002B3C56 /* SearchResult */,
				AB777F2827709D900044DE68 /* SecondViewController.swift */,
				AB777F2A27709DBD0044DE68 /* SecondViewController.xib */,
				AB777F2C27709F400044DE68 /* ThirdViewController.swift */,
				AB777F2E27709F5C0044DE68 /* ThirdViewController.xib */,
			);
			path = Domains;
			sourceTree = "<group>";
		};
		AB777F20277097EA0044DE68 /* Common */ = {
			isa = PBXGroup;
			children = (
				AB9D03D72771F58900BE4244 /* Model */,
				AB9D03D42771F44400BE4244 /* Network */,
				AB777F21277097EF0044DE68 /* TabBar */,
			);
			path = Common;
			sourceTree = "<group>";
		};
		AB777F21277097EF0044DE68 /* TabBar */ = {
			isa = PBXGroup;
			children = (
				AB777F22277098000044DE68 /* TabBarView.swift */,
				AB777F24277098220044DE68 /* TabBarView.xib */,
			);
			path = TabBar;
			sourceTree = "<group>";
		};
		AB98B2692775D527003C1F8E /* MovieDetail */ = {
			isa = PBXGroup;
			children = (
				AB98B26A2775D536003C1F8E /* MovieDetailViewController.swift */,
			);
			path = MovieDetail;
			sourceTree = "<group>";
		};
		AB9D03D42771F44400BE4244 /* Network */ = {
			isa = PBXGroup;
			children = (
				AB9D03D52771F46E00BE4244 /* NetworkConst.swift */,
				ABB67C6027758A6100498DED /* SearchDataProvider.swift */,
				ABB67C642775901E00498DED /* API.swift */,
			);
			path = Network;
			sourceTree = "<group>";
		};
		AB9D03D72771F58900BE4244 /* Model */ = {
			isa = PBXGroup;
			children = (
				AB9D03D82771F59100BE4244 /* MovieModel.swift */,
				ABB67C6227758DF500498DED /* SearchResultModel.swift */,
			);
			path = Model;
			sourceTree = "<group>";
		};
		ABCE18432775A4AB002B3C56 /* SearchResult */ = {
			isa = PBXGroup;
			children = (
				ABCE18472775A760002B3C56 /* View */,
				ABCE18442775A54D002B3C56 /* ViewModel */,
				AB777EE5277093040044DE68 /* SearchResultViewController.swift */,
				AB777F1C277093ED0044DE68 /* SearchResultViewController.xib */,
			);
			path = SearchResult;
			sourceTree = "<group>";
		};
		ABCE18442775A54D002B3C56 /* ViewModel */ = {
			isa = PBXGroup;
			children = (
				ABCE18452775A55C002B3C56 /* SearchResultListViewModel.swift */,
				ABCE184C2775AEE5002B3C56 /* SearchResultItemViewModel.swift */,
			);
			path = ViewModel;
			sourceTree = "<group>";
		};
		ABCE18472775A760002B3C56 /* View */ = {
			isa = PBXGroup;
			children = (
				ABCE18482775A77A002B3C56 /* SearchResultItemView.swift */,
				ABCE184A2775A7A5002B3C56 /* SearchResultItemView.xib */,
			);
			path = View;
			sourceTree = "<group>";
		};
/* End PBXGroup section */

/* Begin PBXNativeTarget section */
		AB777EDD277093040044DE68 /* TasMovie */ = {
			isa = PBXNativeTarget;
			buildConfigurationList = AB777F08277093050044DE68 /* Build configuration list for PBXNativeTarget "TasMovie" */;
			buildPhases = (
				AB777EDA277093040044DE68 /* Sources */,
				AB777EDB277093040044DE68 /* Frameworks */,
				AB777EDC277093040044DE68 /* Resources */,
				AB777F1B277093A40044DE68 /* Embed Frameworks */,
			);
			buildRules = (
			);
			dependencies = (
			);
			name = TasMovie;
			packageProductDependencies = (
				AB98B2672775B971003C1F8E /* SDWebImage */,
			);
			productName = TasMovie;
			productReference = AB777EDE277093040044DE68 /* TasMovie.app */;
			productType = "com.apple.product-type.application";
		};
		AB777EF3277093050044DE68 /* TasMovieTests */ = {
			isa = PBXNativeTarget;
			buildConfigurationList = AB777F0B277093050044DE68 /* Build configuration list for PBXNativeTarget "TasMovieTests" */;
			buildPhases = (
				AB777EF0277093050044DE68 /* Sources */,
				AB777EF1277093050044DE68 /* Frameworks */,
				AB777EF2277093050044DE68 /* Resources */,
			);
			buildRules = (
			);
			dependencies = (
				AB777EF6277093050044DE68 /* PBXTargetDependency */,
			);
			name = TasMovieTests;
			productName = TasMovieTests;
			productReference = AB777EF4277093050044DE68 /* TasMovieTests.xctest */;
			productType = "com.apple.product-type.bundle.unit-test";
		};
		AB777EFD277093050044DE68 /* TasMovieUITests */ = {
			isa = PBXNativeTarget;
			buildConfigurationList = AB777F0E277093050044DE68 /* Build configuration list for PBXNativeTarget "TasMovieUITests" */;
			buildPhases = (
				AB777EFA277093050044DE68 /* Sources */,
				AB777EFB277093050044DE68 /* Frameworks */,
				AB777EFC277093050044DE68 /* Resources */,
			);
			buildRules = (
			);
			dependencies = (
				AB777F00277093050044DE68 /* PBXTargetDependency */,
			);
			name = TasMovieUITests;
			productName = TasMovieUITests;
			productReference = AB777EFE277093050044DE68 /* TasMovieUITests.xctest */;
			productType = "com.apple.product-type.bundle.ui-testing";
		};
/* End PBXNativeTarget section */

/* Begin PBXProject section */
		AB777ED6277093040044DE68 /* Project object */ = {
			isa = PBXProject;
			attributes = {
				BuildIndependentTargetsInParallel = 1;
				LastSwiftUpdateCheck = 1320;
				LastUpgradeCheck = 1320;
				TargetAttributes = {
					AB777EDD277093040044DE68 = {
						CreatedOnToolsVersion = 13.2.1;
					};
					AB777EF3277093050044DE68 = {
						CreatedOnToolsVersion = 13.2.1;
						TestTargetID = AB777EDD277093040044DE68;
					};
					AB777EFD277093050044DE68 = {
						CreatedOnToolsVersion = 13.2.1;
						TestTargetID = AB777EDD277093040044DE68;
					};
				};
			};
			buildConfigurationList = AB777ED9277093040044DE68 /* Build configuration list for PBXProject "TasMovie" */;
			compatibilityVersion = "Xcode 13.0";
			developmentRegion = en;
			hasScannedForEncodings = 0;
			knownRegions = (
				en,
				Base,
			);
			mainGroup = AB777ED5277093040044DE68;
			packageReferences = (
				AB98B2662775B971003C1F8E /* XCRemoteSwiftPackageReference "SDWebImage" */,
			);
			productRefGroup = AB777EDF277093040044DE68 /* Products */;
			projectDirPath = "";
			projectRoot = "";
			targets = (
				AB777EDD277093040044DE68 /* TasMovie */,
				AB777EF3277093050044DE68 /* TasMovieTests */,
				AB777EFD277093050044DE68 /* TasMovieUITests */,
			);
		};
/* End PBXProject section */

/* Begin PBXResourcesBuildPhase section */
		AB777EDC277093040044DE68 /* Resources */ = {
			isa = PBXResourcesBuildPhase;
			buildActionMask = 2147483647;
			files = (
				AB777EEE277093040044DE68 /* LaunchScreen.storyboard in Resources */,
				AB777EEB277093040044DE68 /* Assets.xcassets in Resources */,
				AB777F2F27709F5C0044DE68 /* ThirdViewController.xib in Resources */,
				ABCE184B2775A7A5002B3C56 /* SearchResultItemView.xib in Resources */,
				AB777F25277098220044DE68 /* TabBarView.xib in Resources */,
				AB777F1D277093ED0044DE68 /* SearchResultViewController.xib in Resources */,
				AB777F2B27709DBD0044DE68 /* SecondViewController.xib in Resources */,
			);
			runOnlyForDeploymentPostprocessing = 0;
		};
		AB777EF2277093050044DE68 /* Resources */ = {
			isa = PBXResourcesBuildPhase;
			buildActionMask = 2147483647;
			files = (
			);
			runOnlyForDeploymentPostprocessing = 0;
		};
		AB777EFC277093050044DE68 /* Resources */ = {
			isa = PBXResourcesBuildPhase;
			buildActionMask = 2147483647;
			files = (
			);
			runOnlyForDeploymentPostprocessing = 0;
		};
/* End PBXResourcesBuildPhase section */

/* Begin PBXSourcesBuildPhase section */
		AB777EDA277093040044DE68 /* Sources */ = {
			isa = PBXSourcesBuildPhase;
			buildActionMask = 2147483647;
			files = (
				ABB67C652775901E00498DED /* API.swift in Sources */,
				AB98B26B2775D536003C1F8E /* MovieDetailViewController.swift in Sources */,
				AB777EE6277093040044DE68 /* SearchResultViewController.swift in Sources */,
				AB777EE2277093040044DE68 /* AppDelegate.swift in Sources */,
				AB777F23277098000044DE68 /* TabBarView.swift in Sources */,
				AB777F2927709D900044DE68 /* SecondViewController.swift in Sources */,
				ABCE18492775A77A002B3C56 /* SearchResultItemView.swift in Sources */,
				ABB67C6327758DF500498DED /* SearchResultModel.swift in Sources */,
				ABB67C6127758A6100498DED /* SearchDataProvider.swift in Sources */,
				ABCE184D2775AEE5002B3C56 /* SearchResultItemViewModel.swift in Sources */,
				ABCE18462775A55C002B3C56 /* SearchResultListViewModel.swift in Sources */,
				AB9D03D92771F59100BE4244 /* MovieModel.swift in Sources */,
				AB777F2D27709F400044DE68 /* ThirdViewController.swift in Sources */,
				AB9D03D62771F46E00BE4244 /* NetworkConst.swift in Sources */,
				AB777EE4277093040044DE68 /* SceneDelegate.swift in Sources */,
			);
			runOnlyForDeploymentPostprocessing = 0;
		};
		AB777EF0277093050044DE68 /* Sources */ = {
			isa = PBXSourcesBuildPhase;
			buildActionMask = 2147483647;
			files = (
				AB777EF9277093050044DE68 /* TasMovieTests.swift in Sources */,
			);
			runOnlyForDeploymentPostprocessing = 0;
		};
		AB777EFA277093050044DE68 /* Sources */ = {
			isa = PBXSourcesBuildPhase;
			buildActionMask = 2147483647;
			files = (
				AB777F05277093050044DE68 /* TasMovieUITestsLaunchTests.swift in Sources */,
				AB777F03277093050044DE68 /* TasMovieUITests.swift in Sources */,
			);
			runOnlyForDeploymentPostprocessing = 0;
		};
/* End PBXSourcesBuildPhase section */

/* Begin PBXTargetDependency section */
		AB777EF6277093050044DE68 /* PBXTargetDependency */ = {
			isa = PBXTargetDependency;
			target = AB777EDD277093040044DE68 /* TasMovie */;
			targetProxy = AB777EF5277093050044DE68 /* PBXContainerItemProxy */;
		};
		AB777F00277093050044DE68 /* PBXTargetDependency */ = {
			isa = PBXTargetDependency;
			target = AB777EDD277093040044DE68 /* TasMovie */;
			targetProxy = AB777EFF277093050044DE68 /* PBXContainerItemProxy */;
		};
/* End PBXTargetDependency section */

/* Begin PBXVariantGroup section */
		AB777EEC277093040044DE68 /* LaunchScreen.storyboard */ = {
			isa = PBXVariantGroup;
			children = (
				AB777EED277093040044DE68 /* Base */,
			);
			name = LaunchScreen.storyboard;
			sourceTree = "<group>";
		};
/* End PBXVariantGroup section */

/* Begin XCBuildConfiguration section */
		AB777F06277093050044DE68 /* Debug */ = {
			isa = XCBuildConfiguration;
			buildSettings = {
				ALWAYS_SEARCH_USER_PATHS = NO;
				CLANG_ANALYZER_NONNULL = YES;
				CLANG_ANALYZER_NUMBER_OBJECT_CONVERSION = YES_AGGRESSIVE;
				CLANG_CXX_LANGUAGE_STANDARD = "gnu++17";
				CLANG_CXX_LIBRARY = "libc++";
				CLANG_ENABLE_MODULES = YES;
				CLANG_ENABLE_OBJC_ARC = YES;
				CLANG_ENABLE_OBJC_WEAK = YES;
				CLANG_WARN_BLOCK_CAPTURE_AUTORELEASING = YES;
				CLANG_WARN_BOOL_CONVERSION = YES;
				CLANG_WARN_COMMA = YES;
				CLANG_WARN_CONSTANT_CONVERSION = YES;
				CLANG_WARN_DEPRECATED_OBJC_IMPLEMENTATIONS = YES;
				CLANG_WARN_DIRECT_OBJC_ISA_USAGE = YES_ERROR;
				CLANG_WARN_DOCUMENTATION_COMMENTS = YES;
				CLANG_WARN_EMPTY_BODY = YES;
				CLANG_WARN_ENUM_CONVERSION = YES;
				CLANG_WARN_INFINITE_RECURSION = YES;
				CLANG_WARN_INT_CONVERSION = YES;
				CLANG_WARN_NON_LITERAL_NULL_CONVERSION = YES;
				CLANG_WARN_OBJC_IMPLICIT_RETAIN_SELF = YES;
				CLANG_WARN_OBJC_LITERAL_CONVERSION = YES;
				CLANG_WARN_OBJC_ROOT_CLASS = YES_ERROR;
				CLANG_WARN_QUOTED_INCLUDE_IN_FRAMEWORK_HEADER = YES;
				CLANG_WARN_RANGE_LOOP_ANALYSIS = YES;
				CLANG_WARN_STRICT_PROTOTYPES = YES;
				CLANG_WARN_SUSPICIOUS_MOVE = YES;
				CLANG_WARN_UNGUARDED_AVAILABILITY = YES_AGGRESSIVE;
				CLANG_WARN_UNREACHABLE_CODE = YES;
				CLANG_WARN__DUPLICATE_METHOD_MATCH = YES;
				COPY_PHASE_STRIP = NO;
				DEBUG_INFORMATION_FORMAT = dwarf;
				ENABLE_STRICT_OBJC_MSGSEND = YES;
				ENABLE_TESTABILITY = YES;
				GCC_C_LANGUAGE_STANDARD = gnu11;
				GCC_DYNAMIC_NO_PIC = NO;
				GCC_NO_COMMON_BLOCKS = YES;
				GCC_OPTIMIZATION_LEVEL = 0;
				GCC_PREPROCESSOR_DEFINITIONS = (
					"DEBUG=1",
					"$(inherited)",
				);
				GCC_WARN_64_TO_32_BIT_CONVERSION = YES;
				GCC_WARN_ABOUT_RETURN_TYPE = YES_ERROR;
				GCC_WARN_UNDECLARED_SELECTOR = YES;
				GCC_WARN_UNINITIALIZED_AUTOS = YES_AGGRESSIVE;
				GCC_WARN_UNUSED_FUNCTION = YES;
				GCC_WARN_UNUSED_VARIABLE = YES;
				IPHONEOS_DEPLOYMENT_TARGET = 13.0;
				MTL_ENABLE_DEBUG_INFO = INCLUDE_SOURCE;
				MTL_FAST_MATH = YES;
				ONLY_ACTIVE_ARCH = YES;
				SDKROOT = iphoneos;
				SWIFT_ACTIVE_COMPILATION_CONDITIONS = DEBUG;
				SWIFT_OPTIMIZATION_LEVEL = "-Onone";
			};
			name = Debug;
		};
		AB777F07277093050044DE68 /* Release */ = {
			isa = XCBuildConfiguration;
			buildSettings = {
				ALWAYS_SEARCH_USER_PATHS = NO;
				CLANG_ANALYZER_NONNULL = YES;
				CLANG_ANALYZER_NUMBER_OBJECT_CONVERSION = YES_AGGRESSIVE;
				CLANG_CXX_LANGUAGE_STANDARD = "gnu++17";
				CLANG_CXX_LIBRARY = "libc++";
				CLANG_ENABLE_MODULES = YES;
				CLANG_ENABLE_OBJC_ARC = YES;
				CLANG_ENABLE_OBJC_WEAK = YES;
				CLANG_WARN_BLOCK_CAPTURE_AUTORELEASING = YES;
				CLANG_WARN_BOOL_CONVERSION = YES;
				CLANG_WARN_COMMA = YES;
				CLANG_WARN_CONSTANT_CONVERSION = YES;
				CLANG_WARN_DEPRECATED_OBJC_IMPLEMENTATIONS = YES;
				CLANG_WARN_DIRECT_OBJC_ISA_USAGE = YES_ERROR;
				CLANG_WARN_DOCUMENTATION_COMMENTS = YES;
				CLANG_WARN_EMPTY_BODY = YES;
				CLANG_WARN_ENUM_CONVERSION = YES;
				CLANG_WARN_INFINITE_RECURSION = YES;
				CLANG_WARN_INT_CONVERSION = YES;
				CLANG_WARN_NON_LITERAL_NULL_CONVERSION = YES;
				CLANG_WARN_OBJC_IMPLICIT_RETAIN_SELF = YES;
				CLANG_WARN_OBJC_LITERAL_CONVERSION = YES;
				CLANG_WARN_OBJC_ROOT_CLASS = YES_ERROR;
				CLANG_WARN_QUOTED_INCLUDE_IN_FRAMEWORK_HEADER = YES;
				CLANG_WARN_RANGE_LOOP_ANALYSIS = YES;
				CLANG_WARN_STRICT_PROTOTYPES = YES;
				CLANG_WARN_SUSPICIOUS_MOVE = YES;
				CLANG_WARN_UNGUARDED_AVAILABILITY = YES_AGGRESSIVE;
				CLANG_WARN_UNREACHABLE_CODE = YES;
				CLANG_WARN__DUPLICATE_METHOD_MATCH = YES;
				COPY_PHASE_STRIP = NO;
				DEBUG_INFORMATION_FORMAT = "dwarf-with-dsym";
				ENABLE_NS_ASSERTIONS = NO;
				ENABLE_STRICT_OBJC_MSGSEND = YES;
				GCC_C_LANGUAGE_STANDARD = gnu11;
				GCC_NO_COMMON_BLOCKS = YES;
				GCC_WARN_64_TO_32_BIT_CONVERSION = YES;
				GCC_WARN_ABOUT_RETURN_TYPE = YES_ERROR;
				GCC_WARN_UNDECLARED_SELECTOR = YES;
				GCC_WARN_UNINITIALIZED_AUTOS = YES_AGGRESSIVE;
				GCC_WARN_UNUSED_FUNCTION = YES;
				GCC_WARN_UNUSED_VARIABLE = YES;
				IPHONEOS_DEPLOYMENT_TARGET = 13.0;
				MTL_ENABLE_DEBUG_INFO = NO;
				MTL_FAST_MATH = YES;
				SDKROOT = iphoneos;
				SWIFT_COMPILATION_MODE = wholemodule;
				SWIFT_OPTIMIZATION_LEVEL = "-O";
				VALIDATE_PRODUCT = YES;
			};
			name = Release;
		};
		AB777F09277093050044DE68 /* Debug */ = {
			isa = XCBuildConfiguration;
			buildSettings = {
				ASSETCATALOG_COMPILER_APPICON_NAME = AppIcon;
				ASSETCATALOG_COMPILER_GLOBAL_ACCENT_COLOR_NAME = AccentColor;
				CODE_SIGN_STYLE = Automatic;
				CURRENT_PROJECT_VERSION = 1;
				DEVELOPMENT_TEAM = 4DUZKVXU2R;
				GENERATE_INFOPLIST_FILE = YES;
				INFOPLIST_FILE = TasMovie/Info.plist;
				INFOPLIST_KEY_UIApplicationSupportsIndirectInputEvents = YES;
				INFOPLIST_KEY_UILaunchStoryboardName = LaunchScreen;
				INFOPLIST_KEY_UIMainStoryboardFile = LaunchScreen;
				INFOPLIST_KEY_UISupportedInterfaceOrientations_iPad = "UIInterfaceOrientationPortrait UIInterfaceOrientationPortraitUpsideDown UIInterfaceOrientationLandscapeLeft UIInterfaceOrientationLandscapeRight";
				INFOPLIST_KEY_UISupportedInterfaceOrientations_iPhone = "UIInterfaceOrientationPortrait UIInterfaceOrientationLandscapeLeft UIInterfaceOrientationLandscapeRight";
				IPHONEOS_DEPLOYMENT_TARGET = 13.0;
				LD_RUNPATH_SEARCH_PATHS = (
					"$(inherited)",
					"@executable_path/Frameworks",
				);
				MARKETING_VERSION = 1.0;
				PRODUCT_BUNDLE_IDENTIFIER = Tas.TasMovie;
				PRODUCT_NAME = "$(TARGET_NAME)";
				SWIFT_EMIT_LOC_STRINGS = YES;
				SWIFT_VERSION = 5.0;
				TARGETED_DEVICE_FAMILY = "1,2";
			};
			name = Debug;
		};
		AB777F0A277093050044DE68 /* Release */ = {
			isa = XCBuildConfiguration;
			buildSettings = {
				ASSETCATALOG_COMPILER_APPICON_NAME = AppIcon;
				ASSETCATALOG_COMPILER_GLOBAL_ACCENT_COLOR_NAME = AccentColor;
				CODE_SIGN_STYLE = Automatic;
				CURRENT_PROJECT_VERSION = 1;
				DEVELOPMENT_TEAM = 4DUZKVXU2R;
				GENERATE_INFOPLIST_FILE = YES;
				INFOPLIST_FILE = TasMovie/Info.plist;
				INFOPLIST_KEY_UIApplicationSupportsIndirectInputEvents = YES;
				INFOPLIST_KEY_UILaunchStoryboardName = LaunchScreen;
				INFOPLIST_KEY_UIMainStoryboardFile = LaunchScreen;
				INFOPLIST_KEY_UISupportedInterfaceOrientations_iPad = "UIInterfaceOrientationPortrait UIInterfaceOrientationPortraitUpsideDown UIInterfaceOrientationLandscapeLeft UIInterfaceOrientationLandscapeRight";
				INFOPLIST_KEY_UISupportedInterfaceOrientations_iPhone = "UIInterfaceOrientationPortrait UIInterfaceOrientationLandscapeLeft UIInterfaceOrientationLandscapeRight";
				IPHONEOS_DEPLOYMENT_TARGET = 13.0;
				LD_RUNPATH_SEARCH_PATHS = (
					"$(inherited)",
					"@executable_path/Frameworks",
				);
				MARKETING_VERSION = 1.0;
				PRODUCT_BUNDLE_IDENTIFIER = Tas.TasMovie;
				PRODUCT_NAME = "$(TARGET_NAME)";
				SWIFT_EMIT_LOC_STRINGS = YES;
				SWIFT_VERSION = 5.0;
				TARGETED_DEVICE_FAMILY = "1,2";
			};
			name = Release;
		};
		AB777F0C277093050044DE68 /* Debug */ = {
			isa = XCBuildConfiguration;
			buildSettings = {
				ALWAYS_EMBED_SWIFT_STANDARD_LIBRARIES = YES;
				BUNDLE_LOADER = "$(TEST_HOST)";
				CODE_SIGN_STYLE = Automatic;
				CURRENT_PROJECT_VERSION = 1;
				DEVELOPMENT_TEAM = 4DUZKVXU2R;
				GENERATE_INFOPLIST_FILE = YES;
				IPHONEOS_DEPLOYMENT_TARGET = 15.2;
				MARKETING_VERSION = 1.0;
				PRODUCT_BUNDLE_IDENTIFIER = Tas.TasMovieTests;
				PRODUCT_NAME = "$(TARGET_NAME)";
				SWIFT_EMIT_LOC_STRINGS = NO;
				SWIFT_VERSION = 5.0;
				TARGETED_DEVICE_FAMILY = "1,2";
				TEST_HOST = "$(BUILT_PRODUCTS_DIR)/TasMovie.app/TasMovie";
			};
			name = Debug;
		};
		AB777F0D277093050044DE68 /* Release */ = {
			isa = XCBuildConfiguration;
			buildSettings = {
				ALWAYS_EMBED_SWIFT_STANDARD_LIBRARIES = YES;
				BUNDLE_LOADER = "$(TEST_HOST)";
				CODE_SIGN_STYLE = Automatic;
				CURRENT_PROJECT_VERSION = 1;
				DEVELOPMENT_TEAM = 4DUZKVXU2R;
				GENERATE_INFOPLIST_FILE = YES;
				IPHONEOS_DEPLOYMENT_TARGET = 15.2;
				MARKETING_VERSION = 1.0;
				PRODUCT_BUNDLE_IDENTIFIER = Tas.TasMovieTests;
				PRODUCT_NAME = "$(TARGET_NAME)";
				SWIFT_EMIT_LOC_STRINGS = NO;
				SWIFT_VERSION = 5.0;
				TARGETED_DEVICE_FAMILY = "1,2";
				TEST_HOST = "$(BUILT_PRODUCTS_DIR)/TasMovie.app/TasMovie";
			};
			name = Release;
		};
		AB777F0F277093050044DE68 /* Debug */ = {
			isa = XCBuildConfiguration;
			buildSettings = {
				ALWAYS_EMBED_SWIFT_STANDARD_LIBRARIES = YES;
				CODE_SIGN_STYLE = Automatic;
				CURRENT_PROJECT_VERSION = 1;
				DEVELOPMENT_TEAM = 4DUZKVXU2R;
				GENERATE_INFOPLIST_FILE = YES;
				MARKETING_VERSION = 1.0;
				PRODUCT_BUNDLE_IDENTIFIER = Tas.TasMovieUITests;
				PRODUCT_NAME = "$(TARGET_NAME)";
				SWIFT_EMIT_LOC_STRINGS = NO;
				SWIFT_VERSION = 5.0;
				TARGETED_DEVICE_FAMILY = "1,2";
				TEST_TARGET_NAME = TasMovie;
			};
			name = Debug;
		};
		AB777F10277093050044DE68 /* Release */ = {
			isa = XCBuildConfiguration;
			buildSettings = {
				ALWAYS_EMBED_SWIFT_STANDARD_LIBRARIES = YES;
				CODE_SIGN_STYLE = Automatic;
				CURRENT_PROJECT_VERSION = 1;
				DEVELOPMENT_TEAM = 4DUZKVXU2R;
				GENERATE_INFOPLIST_FILE = YES;
				MARKETING_VERSION = 1.0;
				PRODUCT_BUNDLE_IDENTIFIER = Tas.TasMovieUITests;
				PRODUCT_NAME = "$(TARGET_NAME)";
				SWIFT_EMIT_LOC_STRINGS = NO;
				SWIFT_VERSION = 5.0;
				TARGETED_DEVICE_FAMILY = "1,2";
				TEST_TARGET_NAME = TasMovie;
			};
			name = Release;
		};
/* End XCBuildConfiguration section */

/* Begin XCConfigurationList section */
		AB777ED9277093040044DE68 /* Build configuration list for PBXProject "TasMovie" */ = {
			isa = XCConfigurationList;
			buildConfigurations = (
				AB777F06277093050044DE68 /* Debug */,
				AB777F07277093050044DE68 /* Release */,
			);
			defaultConfigurationIsVisible = 0;
			defaultConfigurationName = Release;
		};
		AB777F08277093050044DE68 /* Build configuration list for PBXNativeTarget "TasMovie" */ = {
			isa = XCConfigurationList;
			buildConfigurations = (
				AB777F09277093050044DE68 /* Debug */,
				AB777F0A277093050044DE68 /* Release */,
			);
			defaultConfigurationIsVisible = 0;
			defaultConfigurationName = Release;
		};
		AB777F0B277093050044DE68 /* Build configuration list for PBXNativeTarget "TasMovieTests" */ = {
			isa = XCConfigurationList;
			buildConfigurations = (
				AB777F0C277093050044DE68 /* Debug */,
				AB777F0D277093050044DE68 /* Release */,
			);
			defaultConfigurationIsVisible = 0;
			defaultConfigurationName = Release;
		};
		AB777F0E277093050044DE68 /* Build configuration list for PBXNativeTarget "TasMovieUITests" */ = {
			isa = XCConfigurationList;
			buildConfigurations = (
				AB777F0F277093050044DE68 /* Debug */,
				AB777F10277093050044DE68 /* Release */,
			);
			defaultConfigurationIsVisible = 0;
			defaultConfigurationName = Release;
		};
/* End XCConfigurationList section */

/* Begin XCRemoteSwiftPackageReference section */
		AB98B2662775B971003C1F8E /* XCRemoteSwiftPackageReference "SDWebImage" */ = {
			isa = XCRemoteSwiftPackageReference;
			repositoryURL = "https://github.com/SDWebImage/SDWebImage";
			requirement = {
				kind = upToNextMajorVersion;
				minimumVersion = 5.0.0;
			};
		};
/* End XCRemoteSwiftPackageReference section */

/* Begin XCSwiftPackageProductDependency section */
		AB98B2672775B971003C1F8E /* SDWebImage */ = {
			isa = XCSwiftPackageProductDependency;
			package = AB98B2662775B971003C1F8E /* XCRemoteSwiftPackageReference "SDWebImage" */;
			productName = SDWebImage;
		};
/* End XCSwiftPackageProductDependency section */
	};
	rootObject = AB777ED6277093040044DE68 /* Project object */;
}
