// !$*UTF8*$!
{
	archiveVersion = 1;
	classes = {
	};
	objectVersion = 55;
	objects = {

/* Begin PBXBuildFile section */
		AB94D75E2764C4E50026B2E6 /* SpinWheelView.swift in Sources */ = {isa = PBXBuildFile; fileRef = AB94D75D2764C4E50026B2E6 /* SpinWheelView.swift */; };
		ABB7ACC62760D23B009B0AC1 /* AnchorPointPracticeView.swift in Sources */ = {isa = PBXBuildFile; fileRef = ABB7ACC52760D23B009B0AC1 /* AnchorPointPracticeView.swift */; };
		ABFE06DE275C9819001DC24D /* TasExample.docc in Sources */ = {isa = PBXBuildFile; fileRef = ABFE06DD275C9819001DC24D /* TasExample.docc */; };
		ABFE06E4275C9819001DC24D /* TasExample.framework in Frameworks */ = {isa = PBXBuildFile; fileRef = ABFE06D9275C9819001DC24D /* TasExample.framework */; };
		ABFE06E9275C9819001DC24D /* TasExampleTests.swift in Sources */ = {isa = PBXBuildFile; fileRef = ABFE06E8275C9819001DC24D /* TasExampleTests.swift */; };
		ABFE06EA275C9819001DC24D /* TasExample.h in Headers */ = {isa = PBXBuildFile; fileRef = ABFE06DC275C9819001DC24D /* TasExample.h */; settings = {ATTRIBUTES = (Public, ); }; };
		ABFE06F6275C9853001DC24D /* DragDotView.swift in Sources */ = {isa = PBXBuildFile; fileRef = ABFE06F5275C9853001DC24D /* DragDotView.swift */; };
		ABFE06FC275C9B5F001DC24D /* CircleProgressView.swift in Sources */ = {isa = PBXBuildFile; fileRef = ABFE06FB275C9B5F001DC24D /* CircleProgressView.swift */; };
		ABFE06FF275C9E60001DC24D /* TasUtility.framework in Frameworks */ = {isa = PBXBuildFile; fileRef = ABFE06FE275C9E60001DC24D /* TasUtility.framework */; };
		ABFE0700275C9E60001DC24D /* TasUtility.framework in Embed Frameworks */ = {isa = PBXBuildFile; fileRef = ABFE06FE275C9E60001DC24D /* TasUtility.framework */; settings = {ATTRIBUTES = (CodeSignOnCopy, RemoveHeadersOnCopy, ); }; };
/* End PBXBuildFile section */

/* Begin PBXContainerItemProxy section */
		ABFE06E5275C9819001DC24D /* PBXContainerItemProxy */ = {
			isa = PBXContainerItemProxy;
			containerPortal = ABFE06D0275C9819001DC24D /* Project object */;
			proxyType = 1;
			remoteGlobalIDString = ABFE06D8275C9819001DC24D;
			remoteInfo = TasExample;
		};
/* End PBXContainerItemProxy section */

/* Begin PBXCopyFilesBuildPhase section */
		ABFE0701275C9E60001DC24D /* Embed Frameworks */ = {
			isa = PBXCopyFilesBuildPhase;
			buildActionMask = 2147483647;
			dstPath = "";
			dstSubfolderSpec = 10;
			files = (
				ABFE0700275C9E60001DC24D /* TasUtility.framework in Embed Frameworks */,
			);
			name = "Embed Frameworks";
			runOnlyForDeploymentPostprocessing = 0;
		};
/* End PBXCopyFilesBuildPhase section */

/* Begin PBXFileReference section */
		AB94D75D2764C4E50026B2E6 /* SpinWheelView.swift */ = {isa = PBXFileReference; lastKnownFileType = sourcecode.swift; path = SpinWheelView.swift; sourceTree = "<group>"; };
		ABB7ACC52760D23B009B0AC1 /* AnchorPointPracticeView.swift */ = {isa = PBXFileReference; lastKnownFileType = sourcecode.swift; path = AnchorPointPracticeView.swift; sourceTree = "<group>"; };
		ABFE06D9275C9819001DC24D /* TasExample.framework */ = {isa = PBXFileReference; explicitFileType = wrapper.framework; includeInIndex = 0; path = TasExample.framework; sourceTree = BUILT_PRODUCTS_DIR; };
		ABFE06DC275C9819001DC24D /* TasExample.h */ = {isa = PBXFileReference; lastKnownFileType = sourcecode.c.h; path = TasExample.h; sourceTree = "<group>"; };
		ABFE06DD275C9819001DC24D /* TasExample.docc */ = {isa = PBXFileReference; lastKnownFileType = folder.documentationcatalog; path = TasExample.docc; sourceTree = "<group>"; };
		ABFE06E3275C9819001DC24D /* TasExampleTests.xctest */ = {isa = PBXFileReference; explicitFileType = wrapper.cfbundle; includeInIndex = 0; path = TasExampleTests.xctest; sourceTree = BUILT_PRODUCTS_DIR; };
		ABFE06E8275C9819001DC24D /* TasExampleTests.swift */ = {isa = PBXFileReference; lastKnownFileType = sourcecode.swift; path = TasExampleTests.swift; sourceTree = "<group>"; };
		ABFE06F5275C9853001DC24D /* DragDotView.swift */ = {isa = PBXFileReference; fileEncoding = 4; lastKnownFileType = sourcecode.swift; path = DragDotView.swift; sourceTree = "<group>"; };
		ABFE06FB275C9B5F001DC24D /* CircleProgressView.swift */ = {isa = PBXFileReference; lastKnownFileType = sourcecode.swift; path = CircleProgressView.swift; sourceTree = "<group>"; };
		ABFE06FE275C9E60001DC24D /* TasUtility.framework */ = {isa = PBXFileReference; explicitFileType = wrapper.framework; path = TasUtility.framework; sourceTree = BUILT_PRODUCTS_DIR; };
/* End PBXFileReference section */

/* Begin PBXFrameworksBuildPhase section */
		ABFE06D6275C9819001DC24D /* Frameworks */ = {
			isa = PBXFrameworksBuildPhase;
			buildActionMask = 2147483647;
			files = (
				ABFE06FF275C9E60001DC24D /* TasUtility.framework in Frameworks */,
			);
			runOnlyForDeploymentPostprocessing = 0;
		};
		ABFE06E0275C9819001DC24D /* Frameworks */ = {
			isa = PBXFrameworksBuildPhase;
			buildActionMask = 2147483647;
			files = (
				ABFE06E4275C9819001DC24D /* TasExample.framework in Frameworks */,
			);
			runOnlyForDeploymentPostprocessing = 0;
		};
/* End PBXFrameworksBuildPhase section */

/* Begin PBXGroup section */
		ABFE06CF275C9819001DC24D = {
			isa = PBXGroup;
			children = (
				ABFE06DB275C9819001DC24D /* TasExample */,
				ABFE06E7275C9819001DC24D /* TasExampleTests */,
				ABFE06DA275C9819001DC24D /* Products */,
				ABFE06FD275C9E60001DC24D /* Frameworks */,
			);
			sourceTree = "<group>";
		};
		ABFE06DA275C9819001DC24D /* Products */ = {
			isa = PBXGroup;
			children = (
				ABFE06D9275C9819001DC24D /* TasExample.framework */,
				ABFE06E3275C9819001DC24D /* TasExampleTests.xctest */,
			);
			name = Products;
			sourceTree = "<group>";
		};
		ABFE06DB275C9819001DC24D /* TasExample */ = {
			isa = PBXGroup;
			children = (
				ABFE06DC275C9819001DC24D /* TasExample.h */,
				ABFE06DD275C9819001DC24D /* TasExample.docc */,
				ABFE06FB275C9B5F001DC24D /* CircleProgressView.swift */,
				ABFE06F5275C9853001DC24D /* DragDotView.swift */,
				ABB7ACC52760D23B009B0AC1 /* AnchorPointPracticeView.swift */,
				AB94D75D2764C4E50026B2E6 /* SpinWheelView.swift */,
			);
			path = TasExample;
			sourceTree = "<group>";
		};
		ABFE06E7275C9819001DC24D /* TasExampleTests */ = {
			isa = PBXGroup;
			children = (
				ABFE06E8275C9819001DC24D /* TasExampleTests.swift */,
			);
			path = TasExampleTests;
			sourceTree = "<group>";
		};
		ABFE06FD275C9E60001DC24D /* Frameworks */ = {
			isa = PBXGroup;
			children = (
				ABFE06FE275C9E60001DC24D /* TasUtility.framework */,
			);
			name = Frameworks;
			sourceTree = "<group>";
		};
/* End PBXGroup section */

/* Begin PBXHeadersBuildPhase section */
		ABFE06D4275C9819001DC24D /* Headers */ = {
			isa = PBXHeadersBuildPhase;
			buildActionMask = 2147483647;
			files = (
				ABFE06EA275C9819001DC24D /* TasExample.h in Headers */,
			);
			runOnlyForDeploymentPostprocessing = 0;
		};
/* End PBXHeadersBuildPhase section */

/* Begin PBXNativeTarget section */
		ABFE06D8275C9819001DC24D /* TasExample */ = {
			isa = PBXNativeTarget;
			buildConfigurationList = ABFE06ED275C9819001DC24D /* Build configuration list for PBXNativeTarget "TasExample" */;
			buildPhases = (
				ABFE06D4275C9819001DC24D /* Headers */,
				ABFE06D5275C9819001DC24D /* Sources */,
				ABFE06D6275C9819001DC24D /* Frameworks */,
				ABFE06D7275C9819001DC24D /* Resources */,
				ABFE0701275C9E60001DC24D /* Embed Frameworks */,
			);
			buildRules = (
			);
			dependencies = (
			);
			name = TasExample;
			productName = TasExample;
			productReference = ABFE06D9275C9819001DC24D /* TasExample.framework */;
			productType = "com.apple.product-type.framework";
		};
		ABFE06E2275C9819001DC24D /* TasExampleTests */ = {
			isa = PBXNativeTarget;
			buildConfigurationList = ABFE06F0275C9819001DC24D /* Build configuration list for PBXNativeTarget "TasExampleTests" */;
			buildPhases = (
				ABFE06DF275C9819001DC24D /* Sources */,
				ABFE06E0275C9819001DC24D /* Frameworks */,
				ABFE06E1275C9819001DC24D /* Resources */,
			);
			buildRules = (
			);
			dependencies = (
				ABFE06E6275C9819001DC24D /* PBXTargetDependency */,
			);
			name = TasExampleTests;
			productName = TasExampleTests;
			productReference = ABFE06E3275C9819001DC24D /* TasExampleTests.xctest */;
			productType = "com.apple.product-type.bundle.unit-test";
		};
/* End PBXNativeTarget section */

/* Begin PBXProject section */
		ABFE06D0275C9819001DC24D /* Project object */ = {
			isa = PBXProject;
			attributes = {
				BuildIndependentTargetsInParallel = 1;
				LastSwiftUpdateCheck = 1310;
				LastUpgradeCheck = 1310;
				TargetAttributes = {
					ABFE06D8275C9819001DC24D = {
						CreatedOnToolsVersion = 13.1;
					};
					ABFE06E2275C9819001DC24D = {
						CreatedOnToolsVersion = 13.1;
					};
				};
			};
			buildConfigurationList = ABFE06D3275C9819001DC24D /* Build configuration list for PBXProject "TasExample" */;
			compatibilityVersion = "Xcode 13.0";
			developmentRegion = en;
			hasScannedForEncodings = 0;
			knownRegions = (
				en,
				Base,
			);
			mainGroup = ABFE06CF275C9819001DC24D;
			productRefGroup = ABFE06DA275C9819001DC24D /* Products */;
			projectDirPath = "";
			projectRoot = "";
			targets = (
				ABFE06D8275C9819001DC24D /* TasExample */,
				ABFE06E2275C9819001DC24D /* TasExampleTests */,
			);
		};
/* End PBXProject section */

/* Begin PBXResourcesBuildPhase section */
		ABFE06D7275C9819001DC24D /* Resources */ = {
			isa = PBXResourcesBuildPhase;
			buildActionMask = 2147483647;
			files = (
			);
			runOnlyForDeploymentPostprocessing = 0;
		};
		ABFE06E1275C9819001DC24D /* Resources */ = {
			isa = PBXResourcesBuildPhase;
			buildActionMask = 2147483647;
			files = (
			);
			runOnlyForDeploymentPostprocessing = 0;
		};
/* End PBXResourcesBuildPhase section */

/* Begin PBXSourcesBuildPhase section */
		ABFE06D5275C9819001DC24D /* Sources */ = {
			isa = PBXSourcesBuildPhase;
			buildActionMask = 2147483647;
			files = (
				ABFE06F6275C9853001DC24D /* DragDotView.swift in Sources */,
				AB94D75E2764C4E50026B2E6 /* SpinWheelView.swift in Sources */,
				ABFE06DE275C9819001DC24D /* TasExample.docc in Sources */,
				ABFE06FC275C9B5F001DC24D /* CircleProgressView.swift in Sources */,
				ABB7ACC62760D23B009B0AC1 /* AnchorPointPracticeView.swift in Sources */,
			);
			runOnlyForDeploymentPostprocessing = 0;
		};
		ABFE06DF275C9819001DC24D /* Sources */ = {
			isa = PBXSourcesBuildPhase;
			buildActionMask = 2147483647;
			files = (
				ABFE06E9275C9819001DC24D /* TasExampleTests.swift in Sources */,
			);
			runOnlyForDeploymentPostprocessing = 0;
		};
/* End PBXSourcesBuildPhase section */

/* Begin PBXTargetDependency section */
		ABFE06E6275C9819001DC24D /* PBXTargetDependency */ = {
			isa = PBXTargetDependency;
			target = ABFE06D8275C9819001DC24D /* TasExample */;
			targetProxy = ABFE06E5275C9819001DC24D /* PBXContainerItemProxy */;
		};
/* End PBXTargetDependency section */

/* Begin XCBuildConfiguration section */
		ABFE06EB275C9819001DC24D /* Debug */ = {
			isa = XCBuildConfiguration;
			buildSettings = {
				ALWAYS_SEARCH_USER_PATHS = NO;
				CLANG_ANALYZER_NONNULL = YES;
				CLANG_ANALYZER_NUMBER_OBJECT_CONVERSION = YES_AGGRESSIVE;
				CLANG_CXX_LANGUAGE_STANDARD = "gnu++17";
				CLANG_CXX_LIBRARY = "libc++";
				CLANG_ENABLE_MODULES = YES;
				CLANG_ENABLE_OBJC_ARC = YES;
				CLANG_ENABLE_OBJC_WEAK = YES;
				CLANG_WARN_BLOCK_CAPTURE_AUTORELEASING = YES;
				CLANG_WARN_BOOL_CONVERSION = YES;
				CLANG_WARN_COMMA = YES;
				CLANG_WARN_CONSTANT_CONVERSION = YES;
				CLANG_WARN_DEPRECATED_OBJC_IMPLEMENTATIONS = YES;
				CLANG_WARN_DIRECT_OBJC_ISA_USAGE = YES_ERROR;
				CLANG_WARN_DOCUMENTATION_COMMENTS = YES;
				CLANG_WARN_EMPTY_BODY = YES;
				CLANG_WARN_ENUM_CONVERSION = YES;
				CLANG_WARN_INFINITE_RECURSION = YES;
				CLANG_WARN_INT_CONVERSION = YES;
				CLANG_WARN_NON_LITERAL_NULL_CONVERSION = YES;
				CLANG_WARN_OBJC_IMPLICIT_RETAIN_SELF = YES;
				CLANG_WARN_OBJC_LITERAL_CONVERSION = YES;
				CLANG_WARN_OBJC_ROOT_CLASS = YES_ERROR;
				CLANG_WARN_QUOTED_INCLUDE_IN_FRAMEWORK_HEADER = YES;
				CLANG_WARN_RANGE_LOOP_ANALYSIS = YES;
				CLANG_WARN_STRICT_PROTOTYPES = YES;
				CLANG_WARN_SUSPICIOUS_MOVE = YES;
				CLANG_WARN_UNGUARDED_AVAILABILITY = YES_AGGRESSIVE;
				CLANG_WARN_UNREACHABLE_CODE = YES;
				CLANG_WARN__DUPLICATE_METHOD_MATCH = YES;
				COPY_PHASE_STRIP = NO;
				CURRENT_PROJECT_VERSION = 1;
				DEBUG_INFORMATION_FORMAT = dwarf;
				ENABLE_STRICT_OBJC_MSGSEND = YES;
				ENABLE_TESTABILITY = YES;
				GCC_C_LANGUAGE_STANDARD = gnu11;
				GCC_DYNAMIC_NO_PIC = NO;
				GCC_NO_COMMON_BLOCKS = YES;
				GCC_OPTIMIZATION_LEVEL = 0;
				GCC_PREPROCESSOR_DEFINITIONS = (
					"DEBUG=1",
					"$(inherited)",
				);
				GCC_WARN_64_TO_32_BIT_CONVERSION = YES;
				GCC_WARN_ABOUT_RETURN_TYPE = YES_ERROR;
				GCC_WARN_UNDECLARED_SELECTOR = YES;
				GCC_WARN_UNINITIALIZED_AUTOS = YES_AGGRESSIVE;
				GCC_WARN_UNUSED_FUNCTION = YES;
				GCC_WARN_UNUSED_VARIABLE = YES;
				IPHONEOS_DEPLOYMENT_TARGET = 15.0;
				MTL_ENABLE_DEBUG_INFO = INCLUDE_SOURCE;
				MTL_FAST_MATH = YES;
				ONLY_ACTIVE_ARCH = YES;
				SDKROOT = iphoneos;
				SWIFT_ACTIVE_COMPILATION_CONDITIONS = DEBUG;
				SWIFT_OPTIMIZATION_LEVEL = "-Onone";
				VERSIONING_SYSTEM = "apple-generic";
				VERSION_INFO_PREFIX = "";
			};
			name = Debug;
		};
		ABFE06EC275C9819001DC24D /* Release */ = {
			isa = XCBuildConfiguration;
			buildSettings = {
				ALWAYS_SEARCH_USER_PATHS = NO;
				CLANG_ANALYZER_NONNULL = YES;
				CLANG_ANALYZER_NUMBER_OBJECT_CONVERSION = YES_AGGRESSIVE;
				CLANG_CXX_LANGUAGE_STANDARD = "gnu++17";
				CLANG_CXX_LIBRARY = "libc++";
				CLANG_ENABLE_MODULES = YES;
				CLANG_ENABLE_OBJC_ARC = YES;
				CLANG_ENABLE_OBJC_WEAK = YES;
				CLANG_WARN_BLOCK_CAPTURE_AUTORELEASING = YES;
				CLANG_WARN_BOOL_CONVERSION = YES;
				CLANG_WARN_COMMA = YES;
				CLANG_WARN_CONSTANT_CONVERSION = YES;
				CLANG_WARN_DEPRECATED_OBJC_IMPLEMENTATIONS = YES;
				CLANG_WARN_DIRECT_OBJC_ISA_USAGE = YES_ERROR;
				CLANG_WARN_DOCUMENTATION_COMMENTS = YES;
				CLANG_WARN_EMPTY_BODY = YES;
				CLANG_WARN_ENUM_CONVERSION = YES;
				CLANG_WARN_INFINITE_RECURSION = YES;
				CLANG_WARN_INT_CONVERSION = YES;
				CLANG_WARN_NON_LITERAL_NULL_CONVERSION = YES;
				CLANG_WARN_OBJC_IMPLICIT_RETAIN_SELF = YES;
				CLANG_WARN_OBJC_LITERAL_CONVERSION = YES;
				CLANG_WARN_OBJC_ROOT_CLASS = YES_ERROR;
				CLANG_WARN_QUOTED_INCLUDE_IN_FRAMEWORK_HEADER = YES;
				CLANG_WARN_RANGE_LOOP_ANALYSIS = YES;
				CLANG_WARN_STRICT_PROTOTYPES = YES;
				CLANG_WARN_SUSPICIOUS_MOVE = YES;
				CLANG_WARN_UNGUARDED_AVAILABILITY = YES_AGGRESSIVE;
				CLANG_WARN_UNREACHABLE_CODE = YES;
				CLANG_WARN__DUPLICATE_METHOD_MATCH = YES;
				COPY_PHASE_STRIP = NO;
				CURRENT_PROJECT_VERSION = 1;
				DEBUG_INFORMATION_FORMAT = "dwarf-with-dsym";
				ENABLE_NS_ASSERTIONS = NO;
				ENABLE_STRICT_OBJC_MSGSEND = YES;
				GCC_C_LANGUAGE_STANDARD = gnu11;
				GCC_NO_COMMON_BLOCKS = YES;
				GCC_WARN_64_TO_32_BIT_CONVERSION = YES;
				GCC_WARN_ABOUT_RETURN_TYPE = YES_ERROR;
				GCC_WARN_UNDECLARED_SELECTOR = YES;
				GCC_WARN_UNINITIALIZED_AUTOS = YES_AGGRESSIVE;
				GCC_WARN_UNUSED_FUNCTION = YES;
				GCC_WARN_UNUSED_VARIABLE = YES;
				IPHONEOS_DEPLOYMENT_TARGET = 15.0;
				MTL_ENABLE_DEBUG_INFO = NO;
				MTL_FAST_MATH = YES;
				SDKROOT = iphoneos;
				SWIFT_COMPILATION_MODE = wholemodule;
				SWIFT_OPTIMIZATION_LEVEL = "-O";
				VALIDATE_PRODUCT = YES;
				VERSIONING_SYSTEM = "apple-generic";
				VERSION_INFO_PREFIX = "";
			};
			name = Release;
		};
		ABFE06EE275C9819001DC24D /* Debug */ = {
			isa = XCBuildConfiguration;
			buildSettings = {
				CODE_SIGN_STYLE = Automatic;
				CURRENT_PROJECT_VERSION = 1;
				DEFINES_MODULE = YES;
				DEVELOPMENT_TEAM = 4DUZKVXU2R;
				DYLIB_COMPATIBILITY_VERSION = 1;
				DYLIB_CURRENT_VERSION = 1;
				DYLIB_INSTALL_NAME_BASE = "@rpath";
				GENERATE_INFOPLIST_FILE = YES;
				INFOPLIST_KEY_NSHumanReadableCopyright = "";
				INSTALL_PATH = "$(LOCAL_LIBRARY_DIR)/Frameworks";
				IPHONEOS_DEPLOYMENT_TARGET = 13.0;
				LD_RUNPATH_SEARCH_PATHS = (
					"$(inherited)",
					"@executable_path/Frameworks",
					"@loader_path/Frameworks",
				);
				MARKETING_VERSION = 1.0;
				PRODUCT_BUNDLE_IDENTIFIER = Tas.TasExample;
				PRODUCT_NAME = "$(TARGET_NAME:c99extidentifier)";
				SKIP_INSTALL = YES;
				SWIFT_EMIT_LOC_STRINGS = YES;
				SWIFT_VERSION = 5.0;
				TARGETED_DEVICE_FAMILY = "1,2";
			};
			name = Debug;
		};
		ABFE06EF275C9819001DC24D /* Release */ = {
			isa = XCBuildConfiguration;
			buildSettings = {
				CODE_SIGN_STYLE = Automatic;
				CURRENT_PROJECT_VERSION = 1;
				DEFINES_MODULE = YES;
				DEVELOPMENT_TEAM = 4DUZKVXU2R;
				DYLIB_COMPATIBILITY_VERSION = 1;
				DYLIB_CURRENT_VERSION = 1;
				DYLIB_INSTALL_NAME_BASE = "@rpath";
				GENERATE_INFOPLIST_FILE = YES;
				INFOPLIST_KEY_NSHumanReadableCopyright = "";
				INSTALL_PATH = "$(LOCAL_LIBRARY_DIR)/Frameworks";
				IPHONEOS_DEPLOYMENT_TARGET = 13.0;
				LD_RUNPATH_SEARCH_PATHS = (
					"$(inherited)",
					"@executable_path/Frameworks",
					"@loader_path/Frameworks",
				);
				MARKETING_VERSION = 1.0;
				PRODUCT_BUNDLE_IDENTIFIER = Tas.TasExample;
				PRODUCT_NAME = "$(TARGET_NAME:c99extidentifier)";
				SKIP_INSTALL = YES;
				SWIFT_EMIT_LOC_STRINGS = YES;
				SWIFT_VERSION = 5.0;
				TARGETED_DEVICE_FAMILY = "1,2";
			};
			name = Release;
		};
		ABFE06F1275C9819001DC24D /* Debug */ = {
			isa = XCBuildConfiguration;
			buildSettings = {
				ALWAYS_EMBED_SWIFT_STANDARD_LIBRARIES = YES;
				CODE_SIGN_STYLE = Automatic;
				CURRENT_PROJECT_VERSION = 1;
				DEVELOPMENT_TEAM = 4DUZKVXU2R;
				GENERATE_INFOPLIST_FILE = YES;
				LD_RUNPATH_SEARCH_PATHS = (
					"$(inherited)",
					"@executable_path/Frameworks",
					"@loader_path/Frameworks",
				);
				MARKETING_VERSION = 1.0;
				PRODUCT_BUNDLE_IDENTIFIER = Tas.TasExampleTests;
				PRODUCT_NAME = "$(TARGET_NAME)";
				SWIFT_EMIT_LOC_STRINGS = NO;
				SWIFT_VERSION = 5.0;
				TARGETED_DEVICE_FAMILY = "1,2";
			};
			name = Debug;
		};
		ABFE06F2275C9819001DC24D /* Release */ = {
			isa = XCBuildConfiguration;
			buildSettings = {
				ALWAYS_EMBED_SWIFT_STANDARD_LIBRARIES = YES;
				CODE_SIGN_STYLE = Automatic;
				CURRENT_PROJECT_VERSION = 1;
				DEVELOPMENT_TEAM = 4DUZKVXU2R;
				GENERATE_INFOPLIST_FILE = YES;
				LD_RUNPATH_SEARCH_PATHS = (
					"$(inherited)",
					"@executable_path/Frameworks",
					"@loader_path/Frameworks",
				);
				MARKETING_VERSION = 1.0;
				PRODUCT_BUNDLE_IDENTIFIER = Tas.TasExampleTests;
				PRODUCT_NAME = "$(TARGET_NAME)";
				SWIFT_EMIT_LOC_STRINGS = NO;
				SWIFT_VERSION = 5.0;
				TARGETED_DEVICE_FAMILY = "1,2";
			};
			name = Release;
		};
/* End XCBuildConfiguration section */

/* Begin XCConfigurationList section */
		ABFE06D3275C9819001DC24D /* Build configuration list for PBXProject "TasExample" */ = {
			isa = XCConfigurationList;
			buildConfigurations = (
				ABFE06EB275C9819001DC24D /* Debug */,
				ABFE06EC275C9819001DC24D /* Release */,
			);
			defaultConfigurationIsVisible = 0;
			defaultConfigurationName = Release;
		};
		ABFE06ED275C9819001DC24D /* Build configuration list for PBXNativeTarget "TasExample" */ = {
			isa = XCConfigurationList;
			buildConfigurations = (
				ABFE06EE275C9819001DC24D /* Debug */,
				ABFE06EF275C9819001DC24D /* Release */,
			);
			defaultConfigurationIsVisible = 0;
			defaultConfigurationName = Release;
		};
		ABFE06F0275C9819001DC24D /* Build configuration list for PBXNativeTarget "TasExampleTests" */ = {
			isa = XCConfigurationList;
			buildConfigurations = (
				ABFE06F1275C9819001DC24D /* Debug */,
				ABFE06F2275C9819001DC24D /* Release */,
			);
			defaultConfigurationIsVisible = 0;
			defaultConfigurationName = Release;
		};
/* End XCConfigurationList section */
	};
	rootObject = ABFE06D0275C9819001DC24D /* Project object */;
}
